// !$*UTF8*$!
{
	archiveVersion = 1;
	classes = {
	};
	objectVersion = 46;
	objects = {

/* Begin PBXBuildFile section */
		65BC964B18F23E8D006063CA /* Foundation.framework in Frameworks */ = {isa = PBXBuildFile; fileRef = 65BC964A18F23E8D006063CA /* Foundation.framework */; };
		65BC964D18F23E8D006063CA /* CoreGraphics.framework in Frameworks */ = {isa = PBXBuildFile; fileRef = 65BC964C18F23E8D006063CA /* CoreGraphics.framework */; };
		65BC964F18F23E8D006063CA /* UIKit.framework in Frameworks */ = {isa = PBXBuildFile; fileRef = 65BC964E18F23E8D006063CA /* UIKit.framework */; };
		65BC965118F23E8D006063CA /* CoreData.framework in Frameworks */ = {isa = PBXBuildFile; fileRef = 65BC965018F23E8D006063CA /* CoreData.framework */; };
		65BC965718F23E8D006063CA /* InfoPlist.strings in Resources */ = {isa = PBXBuildFile; fileRef = 65BC965518F23E8D006063CA /* InfoPlist.strings */; };
		65BC965918F23E8D006063CA /* main.m in Sources */ = {isa = PBXBuildFile; fileRef = 65BC965818F23E8D006063CA /* main.m */; };
		65BC965D18F23E8D006063CA /* FBCDAppDelegate.m in Sources */ = {isa = PBXBuildFile; fileRef = 65BC965C18F23E8D006063CA /* FBCDAppDelegate.m */; };
		65BC966018F23E8D006063CA /* Main.storyboard in Resources */ = {isa = PBXBuildFile; fileRef = 65BC965E18F23E8D006063CA /* Main.storyboard */; };
		65BC966318F23E8D006063CA /* FailedBankCD.xcdatamodeld in Sources */ = {isa = PBXBuildFile; fileRef = 65BC966118F23E8D006063CA /* FailedBankCD.xcdatamodeld */; };
		65BC966B18F23E8E006063CA /* Images.xcassets in Resources */ = {isa = PBXBuildFile; fileRef = 65BC966A18F23E8E006063CA /* Images.xcassets */; };
		65BC967218F23E8E006063CA /* XCTest.framework in Frameworks */ = {isa = PBXBuildFile; fileRef = 65BC967118F23E8E006063CA /* XCTest.framework */; };
		65BC967318F23E8E006063CA /* Foundation.framework in Frameworks */ = {isa = PBXBuildFile; fileRef = 65BC964A18F23E8D006063CA /* Foundation.framework */; };
		65BC967418F23E8E006063CA /* UIKit.framework in Frameworks */ = {isa = PBXBuildFile; fileRef = 65BC964E18F23E8D006063CA /* UIKit.framework */; };
		65BC967518F23E8E006063CA /* CoreData.framework in Frameworks */ = {isa = PBXBuildFile; fileRef = 65BC965018F23E8D006063CA /* CoreData.framework */; };
		65BC967D18F23E8E006063CA /* InfoPlist.strings in Resources */ = {isa = PBXBuildFile; fileRef = 65BC967B18F23E8E006063CA /* InfoPlist.strings */; };
		65BC967F18F23E8E006063CA /* FailedBankCDTests.m in Sources */ = {isa = PBXBuildFile; fileRef = 65BC967E18F23E8E006063CA /* FailedBankCDTests.m */; };
		65BC968A18F23F1F006063CA /* FBCDMasterViewController.m in Sources */ = {isa = PBXBuildFile; fileRef = 65BC968918F23F1F006063CA /* FBCDMasterViewController.m */; };
		65BC969018F24C49006063CA /* FailedBankDetails.m in Sources */ = {isa = PBXBuildFile; fileRef = 65BC968F18F24C49006063CA /* FailedBankDetails.m */; };
		65BC969618F24DA5006063CA /* FailedBankInfo.m in Sources */ = {isa = PBXBuildFile; fileRef = 65BC969518F24DA5006063CA /* FailedBankInfo.m */; };
		65BC96CB18F26B3A006063CA /* CoreDataTutorial2.sqlite in Resources */ = {isa = PBXBuildFile; fileRef = 65BC96CA18F26B3A006063CA /* CoreDataTutorial2.sqlite */; };
/* End PBXBuildFile section */

/* Begin PBXContainerItemProxy section */
		65BC967618F23E8E006063CA /* PBXContainerItemProxy */ = {
			isa = PBXContainerItemProxy;
			containerPortal = 65BC963F18F23E8D006063CA /* Project object */;
			proxyType = 1;
			remoteGlobalIDString = 65BC964618F23E8D006063CA;
			remoteInfo = FailedBankCD;
		};
/* End PBXContainerItemProxy section */

/* Begin PBXFileReference section */
		65BC964718F23E8D006063CA /* FailedBankCD.app */ = {isa = PBXFileReference; explicitFileType = wrapper.application; includeInIndex = 0; path = FailedBankCD.app; sourceTree = BUILT_PRODUCTS_DIR; };
		65BC964A18F23E8D006063CA /* Foundation.framework */ = {isa = PBXFileReference; lastKnownFileType = wrapper.framework; name = Foundation.framework; path = System/Library/Frameworks/Foundation.framework; sourceTree = SDKROOT; };
		65BC964C18F23E8D006063CA /* CoreGraphics.framework */ = {isa = PBXFileReference; lastKnownFileType = wrapper.framework; name = CoreGraphics.framework; path = System/Library/Frameworks/CoreGraphics.framework; sourceTree = SDKROOT; };
		65BC964E18F23E8D006063CA /* UIKit.framework */ = {isa = PBXFileReference; lastKnownFileType = wrapper.framework; name = UIKit.framework; path = System/Library/Frameworks/UIKit.framework; sourceTree = SDKROOT; };
		65BC965018F23E8D006063CA /* CoreData.framework */ = {isa = PBXFileReference; lastKnownFileType = wrapper.framework; name = CoreData.framework; path = System/Library/Frameworks/CoreData.framework; sourceTree = SDKROOT; };
		65BC965418F23E8D006063CA /* FailedBankCD-Info.plist */ = {isa = PBXFileReference; lastKnownFileType = text.plist.xml; path = "FailedBankCD-Info.plist"; sourceTree = "<group>"; };
		65BC965618F23E8D006063CA /* en */ = {isa = PBXFileReference; lastKnownFileType = text.plist.strings; name = en; path = en.lproj/InfoPlist.strings; sourceTree = "<group>"; };
		65BC965818F23E8D006063CA /* main.m */ = {isa = PBXFileReference; lastKnownFileType = sourcecode.c.objc; path = main.m; sourceTree = "<group>"; };
		65BC965A18F23E8D006063CA /* FailedBankCD-Prefix.pch */ = {isa = PBXFileReference; lastKnownFileType = sourcecode.c.h; path = "FailedBankCD-Prefix.pch"; sourceTree = "<group>"; };
		65BC965B18F23E8D006063CA /* FBCDAppDelegate.h */ = {isa = PBXFileReference; lastKnownFileType = sourcecode.c.h; path = FBCDAppDelegate.h; sourceTree = "<group>"; };
		65BC965C18F23E8D006063CA /* FBCDAppDelegate.m */ = {isa = PBXFileReference; lastKnownFileType = sourcecode.c.objc; path = FBCDAppDelegate.m; sourceTree = "<group>"; };
		65BC965F18F23E8D006063CA /* Base */ = {isa = PBXFileReference; lastKnownFileType = file.storyboard; name = Base; path = Base.lproj/Main.storyboard; sourceTree = "<group>"; };
		65BC966218F23E8D006063CA /* FailedBankCD.xcdatamodel */ = {isa = PBXFileReference; lastKnownFileType = wrapper.xcdatamodel; path = FailedBankCD.xcdatamodel; sourceTree = "<group>"; };
		65BC966A18F23E8E006063CA /* Images.xcassets */ = {isa = PBXFileReference; lastKnownFileType = folder.assetcatalog; path = Images.xcassets; sourceTree = "<group>"; };
		65BC967018F23E8E006063CA /* FailedBankCDTests.xctest */ = {isa = PBXFileReference; explicitFileType = wrapper.cfbundle; includeInIndex = 0; path = FailedBankCDTests.xctest; sourceTree = BUILT_PRODUCTS_DIR; };
		65BC967118F23E8E006063CA /* XCTest.framework */ = {isa = PBXFileReference; lastKnownFileType = wrapper.framework; name = XCTest.framework; path = Library/Frameworks/XCTest.framework; sourceTree = DEVELOPER_DIR; };
		65BC967A18F23E8E006063CA /* FailedBankCDTests-Info.plist */ = {isa = PBXFileReference; lastKnownFileType = text.plist.xml; path = "FailedBankCDTests-Info.plist"; sourceTree = "<group>"; };
		65BC967C18F23E8E006063CA /* en */ = {isa = PBXFileReference; lastKnownFileType = text.plist.strings; name = en; path = en.lproj/InfoPlist.strings; sourceTree = "<group>"; };
		65BC967E18F23E8E006063CA /* FailedBankCDTests.m */ = {isa = PBXFileReference; lastKnownFileType = sourcecode.c.objc; path = FailedBankCDTests.m; sourceTree = "<group>"; };
		65BC968818F23F1F006063CA /* FBCDMasterViewController.h */ = {isa = PBXFileReference; fileEncoding = 4; lastKnownFileType = sourcecode.c.h; path = FBCDMasterViewController.h; sourceTree = "<group>"; };
		65BC968918F23F1F006063CA /* FBCDMasterViewController.m */ = {isa = PBXFileReference; fileEncoding = 4; lastKnownFileType = sourcecode.c.objc; path = FBCDMasterViewController.m; sourceTree = "<group>"; };
		65BC968E18F24C49006063CA /* FailedBankDetails.h */ = {isa = PBXFileReference; fileEncoding = 4; lastKnownFileType = sourcecode.c.h; path = FailedBankDetails.h; sourceTree = "<group>"; };
		65BC968F18F24C49006063CA /* FailedBankDetails.m */ = {isa = PBXFileReference; fileEncoding = 4; lastKnownFileType = sourcecode.c.objc; path = FailedBankDetails.m; sourceTree = "<group>"; };
		65BC969418F24DA5006063CA /* FailedBankInfo.h */ = {isa = PBXFileReference; fileEncoding = 4; lastKnownFileType = sourcecode.c.h; path = FailedBankInfo.h; sourceTree = "<group>"; };
		65BC969518F24DA5006063CA /* FailedBankInfo.m */ = {isa = PBXFileReference; fileEncoding = 4; lastKnownFileType = sourcecode.c.objc; path = FailedBankInfo.m; sourceTree = "<group>"; };
		65BC96CA18F26B3A006063CA /* CoreDataTutorial2.sqlite */ = {isa = PBXFileReference; lastKnownFileType = file; path = CoreDataTutorial2.sqlite; sourceTree = "<group>"; };
/* End PBXFileReference section */

/* Begin PBXFrameworksBuildPhase section */
		65BC964418F23E8D006063CA /* Frameworks */ = {
			isa = PBXFrameworksBuildPhase;
			buildActionMask = 2147483647;
			files = (
				65BC964D18F23E8D006063CA /* CoreGraphics.framework in Frameworks */,
				65BC965118F23E8D006063CA /* CoreData.framework in Frameworks */,
				65BC964F18F23E8D006063CA /* UIKit.framework in Frameworks */,
				65BC964B18F23E8D006063CA /* Foundation.framework in Frameworks */,
			);
			runOnlyForDeploymentPostprocessing = 0;
		};
		65BC966D18F23E8E006063CA /* Frameworks */ = {
			isa = PBXFrameworksBuildPhase;
			buildActionMask = 2147483647;
			files = (
				65BC967218F23E8E006063CA /* XCTest.framework in Frameworks */,
				65BC967518F23E8E006063CA /* CoreData.framework in Frameworks */,
				65BC967418F23E8E006063CA /* UIKit.framework in Frameworks */,
				65BC967318F23E8E006063CA /* Foundation.framework in Frameworks */,
			);
			runOnlyForDeploymentPostprocessing = 0;
		};
/* End PBXFrameworksBuildPhase section */

/* Begin PBXGroup section */
		65BC963E18F23E8D006063CA = {
			isa = PBXGroup;
			children = (
				65BC965218F23E8D006063CA /* FailedBankCD */,
				65BC967818F23E8E006063CA /* FailedBankCDTests */,
				65BC964918F23E8D006063CA /* Frameworks */,
				65BC964818F23E8D006063CA /* Products */,
			);
			sourceTree = "<group>";
		};
		65BC964818F23E8D006063CA /* Products */ = {
			isa = PBXGroup;
			children = (
				65BC964718F23E8D006063CA /* FailedBankCD.app */,
				65BC967018F23E8E006063CA /* FailedBankCDTests.xctest */,
			);
			name = Products;
			sourceTree = "<group>";
		};
		65BC964918F23E8D006063CA /* Frameworks */ = {
			isa = PBXGroup;
			children = (
				65BC964A18F23E8D006063CA /* Foundation.framework */,
				65BC964C18F23E8D006063CA /* CoreGraphics.framework */,
				65BC964E18F23E8D006063CA /* UIKit.framework */,
				65BC965018F23E8D006063CA /* CoreData.framework */,
				65BC967118F23E8E006063CA /* XCTest.framework */,
			);
			name = Frameworks;
			sourceTree = "<group>";
		};
		65BC965218F23E8D006063CA /* FailedBankCD */ = {
			isa = PBXGroup;
			children = (
				65BC96CA18F26B3A006063CA /* CoreDataTutorial2.sqlite */,
				65BC965B18F23E8D006063CA /* FBCDAppDelegate.h */,
				65BC965C18F23E8D006063CA /* FBCDAppDelegate.m */,
				65BC965E18F23E8D006063CA /* Main.storyboard */,
				65BC966A18F23E8E006063CA /* Images.xcassets */,
				65BC966118F23E8D006063CA /* FailedBankCD.xcdatamodeld */,
				65BC969418F24DA5006063CA /* FailedBankInfo.h */,
				65BC969518F24DA5006063CA /* FailedBankInfo.m */,
				65BC968E18F24C49006063CA /* FailedBankDetails.h */,
				65BC968F18F24C49006063CA /* FailedBankDetails.m */,
				65BC965318F23E8D006063CA /* Supporting Files */,
				65BC968818F23F1F006063CA /* FBCDMasterViewController.h */,
				65BC968918F23F1F006063CA /* FBCDMasterViewController.m */,
			);
			path = FailedBankCD;
			sourceTree = "<group>";
		};
		65BC965318F23E8D006063CA /* Supporting Files */ = {
			isa = PBXGroup;
			children = (
				65BC965418F23E8D006063CA /* FailedBankCD-Info.plist */,
				65BC965518F23E8D006063CA /* InfoPlist.strings */,
				65BC965818F23E8D006063CA /* main.m */,
				65BC965A18F23E8D006063CA /* FailedBankCD-Prefix.pch */,
			);
			name = "Supporting Files";
			sourceTree = "<group>";
		};
		65BC967818F23E8E006063CA /* FailedBankCDTests */ = {
			isa = PBXGroup;
			children = (
				65BC967E18F23E8E006063CA /* FailedBankCDTests.m */,
				65BC967918F23E8E006063CA /* Supporting Files */,
			);
			path = FailedBankCDTests;
			sourceTree = "<group>";
		};
		65BC967918F23E8E006063CA /* Supporting Files */ = {
			isa = PBXGroup;
			children = (
				65BC967A18F23E8E006063CA /* FailedBankCDTests-Info.plist */,
				65BC967B18F23E8E006063CA /* InfoPlist.strings */,
			);
			name = "Supporting Files";
			sourceTree = "<group>";
		};
/* End PBXGroup section */

/* Begin PBXNativeTarget section */
		65BC964618F23E8D006063CA /* FailedBankCD */ = {
			isa = PBXNativeTarget;
			buildConfigurationList = 65BC968218F23E8E006063CA /* Build configuration list for PBXNativeTarget "FailedBankCD" */;
			buildPhases = (
				65BC964318F23E8D006063CA /* Sources */,
				65BC964418F23E8D006063CA /* Frameworks */,
				65BC964518F23E8D006063CA /* Resources */,
			);
			buildRules = (
			);
			dependencies = (
			);
			name = FailedBankCD;
			productName = FailedBankCD;
			productReference = 65BC964718F23E8D006063CA /* FailedBankCD.app */;
			productType = "com.apple.product-type.application";
		};
		65BC966F18F23E8E006063CA /* FailedBankCDTests */ = {
			isa = PBXNativeTarget;
			buildConfigurationList = 65BC968518F23E8E006063CA /* Build configuration list for PBXNativeTarget "FailedBankCDTests" */;
			buildPhases = (
				65BC966C18F23E8E006063CA /* Sources */,
				65BC966D18F23E8E006063CA /* Frameworks */,
				65BC966E18F23E8E006063CA /* Resources */,
			);
			buildRules = (
			);
			dependencies = (
				65BC967718F23E8E006063CA /* PBXTargetDependency */,
			);
			name = FailedBankCDTests;
			productName = FailedBankCDTests;
			productReference = 65BC967018F23E8E006063CA /* FailedBankCDTests.xctest */;
			productType = "com.apple.product-type.bundle.unit-test";
		};
/* End PBXNativeTarget section */

/* Begin PBXProject section */
		65BC963F18F23E8D006063CA /* Project object */ = {
			isa = PBXProject;
			attributes = {
				CLASSPREFIX = FBCD;
				LastUpgradeCheck = 0500;
				ORGANIZATIONNAME = "andre trosky";
				TargetAttributes = {
					65BC966F18F23E8E006063CA = {
						TestTargetID = 65BC964618F23E8D006063CA;
					};
				};
			};
			buildConfigurationList = 65BC964218F23E8D006063CA /* Build configuration list for PBXProject "FailedBankCD" */;
			compatibilityVersion = "Xcode 3.2";
			developmentRegion = English;
			hasScannedForEncodings = 0;
			knownRegions = (
				en,
				Base,
			);
			mainGroup = 65BC963E18F23E8D006063CA;
			productRefGroup = 65BC964818F23E8D006063CA /* Products */;
			projectDirPath = "";
			projectRoot = "";
			targets = (
				65BC964618F23E8D006063CA /* FailedBankCD */,
				65BC966F18F23E8E006063CA /* FailedBankCDTests */,
			);
		};
/* End PBXProject section */

/* Begin PBXResourcesBuildPhase section */
		65BC964518F23E8D006063CA /* Resources */ = {
			isa = PBXResourcesBuildPhase;
			buildActionMask = 2147483647;
			files = (
				65BC966B18F23E8E006063CA /* Images.xcassets in Resources */,
				65BC96CB18F26B3A006063CA /* CoreDataTutorial2.sqlite in Resources */,
				65BC965718F23E8D006063CA /* InfoPlist.strings in Resources */,
				65BC966018F23E8D006063CA /* Main.storyboard in Resources */,
			);
			runOnlyForDeploymentPostprocessing = 0;
		};
		65BC966E18F23E8E006063CA /* Resources */ = {
			isa = PBXResourcesBuildPhase;
			buildActionMask = 2147483647;
			files = (
				65BC967D18F23E8E006063CA /* InfoPlist.strings in Resources */,
			);
			runOnlyForDeploymentPostprocessing = 0;
		};
/* End PBXResourcesBuildPhase section */

/* Begin PBXSourcesBuildPhase section */
		65BC964318F23E8D006063CA /* Sources */ = {
			isa = PBXSourcesBuildPhase;
			buildActionMask = 2147483647;
			files = (
				65BC966318F23E8D006063CA /* FailedBankCD.xcdatamodeld in Sources */,
				65BC969018F24C49006063CA /* FailedBankDetails.m in Sources */,
				65BC965918F23E8D006063CA /* main.m in Sources */,
				65BC965D18F23E8D006063CA /* FBCDAppDelegate.m in Sources */,
				65BC969618F24DA5006063CA /* FailedBankInfo.m in Sources */,
				65BC968A18F23F1F006063CA /* FBCDMasterViewController.m in Sources */,
			);
			runOnlyForDeploymentPostprocessing = 0;
		};
		65BC966C18F23E8E006063CA /* Sources */ = {
			isa = PBXSourcesBuildPhase;
			buildActionMask = 2147483647;
			files = (
				65BC967F18F23E8E006063CA /* FailedBankCDTests.m in Sources */,
			);
			runOnlyForDeploymentPostprocessing = 0;
		};
/* End PBXSourcesBuildPhase section */

/* Begin PBXTargetDependency section */
		65BC967718F23E8E006063CA /* PBXTargetDependency */ = {
			isa = PBXTargetDependency;
			target = 65BC964618F23E8D006063CA /* FailedBankCD */;
			targetProxy = 65BC967618F23E8E006063CA /* PBXContainerItemProxy */;
		};
/* End PBXTargetDependency section */

/* Begin PBXVariantGroup section */
		65BC965518F23E8D006063CA /* InfoPlist.strings */ = {
			isa = PBXVariantGroup;
			children = (
				65BC965618F23E8D006063CA /* en */,
			);
			name = InfoPlist.strings;
			sourceTree = "<group>";
		};
		65BC965E18F23E8D006063CA /* Main.storyboard */ = {
			isa = PBXVariantGroup;
			children = (
				65BC965F18F23E8D006063CA /* Base */,
			);
			name = Main.storyboard;
			sourceTree = "<group>";
		};
		65BC967B18F23E8E006063CA /* InfoPlist.strings */ = {
			isa = PBXVariantGroup;
			children = (
				65BC967C18F23E8E006063CA /* en */,
			);
			name = InfoPlist.strings;
			sourceTree = "<group>";
		};
/* End PBXVariantGroup section */

/* Begin XCBuildConfiguration section */
		65BC968018F23E8E006063CA /* Debug */ = {
			isa = XCBuildConfiguration;
			buildSettings = {
				ALWAYS_SEARCH_USER_PATHS = NO;
				ARCHS = "$(ARCHS_STANDARD_INCLUDING_64_BIT)";
				CLANG_CXX_LANGUAGE_STANDARD = "gnu++0x";
				CLANG_CXX_LIBRARY = "libc++";
				CLANG_ENABLE_MODULES = YES;
				CLANG_ENABLE_OBJC_ARC = YES;
				CLANG_WARN_BOOL_CONVERSION = YES;
				CLANG_WARN_CONSTANT_CONVERSION = YES;
				CLANG_WARN_DIRECT_OBJC_ISA_USAGE = YES_ERROR;
				CLANG_WARN_EMPTY_BODY = YES;
				CLANG_WARN_ENUM_CONVERSION = YES;
				CLANG_WARN_INT_CONVERSION = YES;
				CLANG_WARN_OBJC_ROOT_CLASS = YES_ERROR;
				CLANG_WARN__DUPLICATE_METHOD_MATCH = YES;
				"CODE_SIGN_IDENTITY[sdk=iphoneos*]" = "iPhone Developer";
				COPY_PHASE_STRIP = NO;
				GCC_C_LANGUAGE_STANDARD = gnu99;
				GCC_DYNAMIC_NO_PIC = NO;
				GCC_OPTIMIZATION_LEVEL = 0;
				GCC_PREPROCESSOR_DEFINITIONS = (
					"DEBUG=1",
					"$(inherited)",
				);
				GCC_SYMBOLS_PRIVATE_EXTERN = NO;
				GCC_WARN_64_TO_32_BIT_CONVERSION = YES;
				GCC_WARN_ABOUT_RETURN_TYPE = YES_ERROR;
				GCC_WARN_UNDECLARED_SELECTOR = YES;
				GCC_WARN_UNINITIALIZED_AUTOS = YES;
				GCC_WARN_UNUSED_FUNCTION = YES;
				GCC_WARN_UNUSED_VARIABLE = YES;
				IPHONEOS_DEPLOYMENT_TARGET = 7.0;
				ONLY_ACTIVE_ARCH = YES;
				SDKROOT = iphoneos;
			};
			name = Debug;
		};
		65BC968118F23E8E006063CA /* Release */ = {
			isa = XCBuildConfiguration;
			buildSettings = {
				ALWAYS_SEARCH_USER_PATHS = NO;
				ARCHS = "$(ARCHS_STANDARD_INCLUDING_64_BIT)";
				CLANG_CXX_LANGUAGE_STANDARD = "gnu++0x";
				CLANG_CXX_LIBRARY = "libc++";
				CLANG_ENABLE_MODULES = YES;
				CLANG_ENABLE_OBJC_ARC = YES;
				CLANG_WARN_BOOL_CONVERSION = YES;
				CLANG_WARN_CONSTANT_CONVERSION = YES;
				CLANG_WARN_DIRECT_OBJC_ISA_USAGE = YES_ERROR;
				CLANG_WARN_EMPTY_BODY = YES;
				CLANG_WARN_ENUM_CONVERSION = YES;
				CLANG_WARN_INT_CONVERSION = YES;
				CLANG_WARN_OBJC_ROOT_CLASS = YES_ERROR;
				CLANG_WARN__DUPLICATE_METHOD_MATCH = YES;
				"CODE_SIGN_IDENTITY[sdk=iphoneos*]" = "iPhone Developer";
				COPY_PHASE_STRIP = YES;
				ENABLE_NS_ASSERTIONS = NO;
				GCC_C_LANGUAGE_STANDARD = gnu99;
				GCC_WARN_64_TO_32_BIT_CONVERSION = YES;
				GCC_WARN_ABOUT_RETURN_TYPE = YES_ERROR;
				GCC_WARN_UNDECLARED_SELECTOR = YES;
				GCC_WARN_UNINITIALIZED_AUTOS = YES;
				GCC_WARN_UNUSED_FUNCTION = YES;
				GCC_WARN_UNUSED_VARIABLE = YES;
				IPHONEOS_DEPLOYMENT_TARGET = 7.0;
				SDKROOT = iphoneos;
				VALIDATE_PRODUCT = YES;
			};
			name = Release;
		};
		65BC968318F23E8E006063CA /* Debug */ = {
			isa = XCBuildConfiguration;
			buildSettings = {
				ASSETCATALOG_COMPILER_APPICON_NAME = AppIcon;
				ASSETCATALOG_COMPILER_LAUNCHIMAGE_NAME = LaunchImage;
				GCC_PRECOMPILE_PREFIX_HEADER = YES;
				GCC_PREFIX_HEADER = "FailedBankCD/FailedBankCD-Prefix.pch";
				INFOPLIST_FILE = "FailedBankCD/FailedBankCD-Info.plist";
				PRODUCT_NAME = "$(TARGET_NAME)";
				WRAPPER_EXTENSION = app;
			};
			name = Debug;
		};
		65BC968418F23E8E006063CA /* Release */ = {
			isa = XCBuildConfiguration;
			buildSettings = {
				ASSETCATALOG_COMPILER_APPICON_NAME = AppIcon;
				ASSETCATALOG_COMPILER_LAUNCHIMAGE_NAME = LaunchImage;
				GCC_PRECOMPILE_PREFIX_HEADER = YES;
				GCC_PREFIX_HEADER = "FailedBankCD/FailedBankCD-Prefix.pch";
				INFOPLIST_FILE = "FailedBankCD/FailedBankCD-Info.plist";
				PRODUCT_NAME = "$(TARGET_NAME)";
				WRAPPER_EXTENSION = app;
			};
			name = Release;
		};
		65BC968618F23E8E006063CA /* Debug */ = {
			isa = XCBuildConfiguration;
			buildSettings = {
				ARCHS = "$(ARCHS_STANDARD_INCLUDING_64_BIT)";
				BUNDLE_LOADER = "$(BUILT_PRODUCTS_DIR)/FailedBankCD.app/FailedBankCD";
				FRAMEWORK_SEARCH_PATHS = (
					"$(SDKROOT)/Developer/Library/Frameworks",
					"$(inherited)",
					"$(DEVELOPER_FRAMEWORKS_DIR)",
				);
				GCC_PRECOMPILE_PREFIX_HEADER = YES;
				GCC_PREFIX_HEADER = "FailedBankCD/FailedBankCD-Prefix.pch";
				GCC_PREPROCESSOR_DEFINITIONS = (
					"DEBUG=1",
					"$(inherited)",
				);
				INFOPLIST_FILE = "FailedBankCDTests/FailedBankCDTests-Info.plist";
				PRODUCT_NAME = "$(TARGET_NAME)";
				TEST_HOST = "$(BUNDLE_LOADER)";
				WRAPPER_EXTENSION = xctest;
			};
			name = Debug;
		};
		65BC968718F23E8E006063CA /* Release */ = {
			isa = XCBuildConfiguration;
			buildSettings = {
				ARCHS = "$(ARCHS_STANDARD_INCLUDING_64_BIT)";
				BUNDLE_LOADER = "$(BUILT_PRODUCTS_DIR)/FailedBankCD.app/FailedBankCD";
				FRAMEWORK_SEARCH_PATHS = (
					"$(SDKROOT)/Developer/Library/Frameworks",
					"$(inherited)",
					"$(DEVELOPER_FRAMEWORKS_DIR)",
				);
				GCC_PRECOMPILE_PREFIX_HEADER = YES;
				GCC_PREFIX_HEADER = "FailedBankCD/FailedBankCD-Prefix.pch";
				INFOPLIST_FILE = "FailedBankCDTests/FailedBankCDTests-Info.plist";
				PRODUCT_NAME = "$(TARGET_NAME)";
				TEST_HOST = "$(BUNDLE_LOADER)";
				WRAPPER_EXTENSION = xctest;
			};
			name = Release;
		};
/* End XCBuildConfiguration section */

/* Begin XCConfigurationList section */
		65BC964218F23E8D006063CA /* Build configuration list for PBXProject "FailedBankCD" */ = {
			isa = XCConfigurationList;
			buildConfigurations = (
				65BC968018F23E8E006063CA /* Debug */,
				65BC968118F23E8E006063CA /* Release */,
			);
			defaultConfigurationIsVisible = 0;
			defaultConfigurationName = Release;
		};
		65BC968218F23E8E006063CA /* Build configuration list for PBXNativeTarget "FailedBankCD" */ = {
			isa = XCConfigurationList;
			buildConfigurations = (
				65BC968318F23E8E006063CA /* Debug */,
				65BC968418F23E8E006063CA /* Release */,
			);
			defaultConfigurationIsVisible = 0;
		};
		65BC968518F23E8E006063CA /* Build configuration list for PBXNativeTarget "FailedBankCDTests" */ = {
			isa = XCConfigurationList;
			buildConfigurations = (
				65BC968618F23E8E006063CA /* Debug */,
				65BC968718F23E8E006063CA /* Release */,
			);
			defaultConfigurationIsVisible = 0;
		};
/* End XCConfigurationList section */

/* Begin XCVersionGroup section */
		65BC966118F23E8D006063CA /* FailedBankCD.xcdatamodeld */ = {
			isa = XCVersionGroup;
			children = (
				65BC966218F23E8D006063CA /* FailedBankCD.xcdatamodel */,
			);
			currentVersion = 65BC966218F23E8D006063CA /* FailedBankCD.xcdatamodel */;
			path = FailedBankCD.xcdatamodeld;
			sourceTree = "<group>";
			versionGroupType = wrapper.xcdatamodel;
		};
/* End XCVersionGroup section */
	};
	rootObject = 65BC963F18F23E8D006063CA /* Project object */;
}
